Microsoft Visual Studio Solution File, Format Version 11.00
# Visual Studio 2008

Project("{80D6EC9B-9ADF-813B-BF8C-C2015DC07F47}") = "Realms of Iznia", "Assembly-CSharp.csproj", "{0096F5E8-2EA3-81F0-8186-D6C02F5A7126}"
EndProject
Global
	GlobalSection(SolutionConfigurationPlatforms) = preSolution
		Debug|Any CPU = Debug|Any CPU
		Release|Any CPU = Release|Any CPU
	EndGlobalSection
	GlobalSection(ProjectConfigurationPlatforms) = postSolution
		{0096F5E8-2EA3-81F0-8186-D6C02F5A7126}.Debug|Any CPU.ActiveCfg = Debug|Any CPU
		{0096F5E8-2EA3-81F0-8186-D6C02F5A7126}.Debug|Any CPU.Build.0 = Debug|Any CPU
		{0096F5E8-2EA3-81F0-8186-D6C02F5A7126}.Release|Any CPU.ActiveCfg = Release|Any CPU
		{0096F5E8-2EA3-81F0-8186-D6C02F5A7126}.Release|Any CPU.Build.0 = Release|Any CPU
	EndGlobalSection
	GlobalSection(SolutionProperties) = preSolution
		HideSolutionNode = FALSE
	EndGlobalSection
																																															GlobalSection(MonoDevelopProperties) = preSolution
		StartupItem = Assembly-CSharp.csproj
		Policies = $0
		$0.TextStylePolicy = $1
		$1.inheritsSet = null
		$1.scope = text/x-csharp
		$0.CSharpFormattingPolicy = $2
		$2.inheritsSet = Mono
		$2.inheritsScope = text/x-csharp
		$2.scope = text/x-csharp
		$0.TextStylePolicy = $3
		$3.FileWidth = 120
		$3.TabWidth = 4
		$3.EolMarker = Unix
		$3.inheritsSet = Mono
		$3.inheritsScope = text/plain
		$3.scope = text/plain
	EndGlobalSection

EndGlobal
